// !$*UTF8*$!
{
	archiveVersion = 1;
	classes = {
	};
	objectVersion = 55;
	objects = {

/* Begin PBXBuildFile section */
		880F42972907D7E7004CCE3F /* CollectionView.swift in Sources */ = {isa = PBXBuildFile; fileRef = 880F42962907D7E7004CCE3F /* CollectionView.swift */; };
		880F42992907E503004CCE3F /* CollectionViewModel.swift in Sources */ = {isa = PBXBuildFile; fileRef = 880F42982907E503004CCE3F /* CollectionViewModel.swift */; };
		88C5899F2908BD8F00226FF5 /* PhotoCollection.xcdatamodeld in Sources */ = {isa = PBXBuildFile; fileRef = 88C5899D2908BD8F00226FF5 /* PhotoCollection.xcdatamodeld */; };
		88C589A12908BF0400226FF5 /* CoreDataController.swift in Sources */ = {isa = PBXBuildFile; fileRef = 88C589A02908BF0400226FF5 /* CoreDataController.swift */; };
		8A2C206928F8F34B0058D810 /* TestAppApp.swift in Sources */ = {isa = PBXBuildFile; fileRef = 8A2C206828F8F34B0058D810 /* TestAppApp.swift */; };
		8A2C206B28F8F34B0058D810 /* HomeView.swift in Sources */ = {isa = PBXBuildFile; fileRef = 8A2C206A28F8F34B0058D810 /* HomeView.swift */; };
		8A2C206D28F8F34C0058D810 /* Assets.xcassets in Resources */ = {isa = PBXBuildFile; fileRef = 8A2C206C28F8F34C0058D810 /* Assets.xcassets */; };
		8A2C207028F8F34C0058D810 /* Preview Assets.xcassets in Resources */ = {isa = PBXBuildFile; fileRef = 8A2C206F28F8F34C0058D810 /* Preview Assets.xcassets */; };
		8A2C207728F8F51F0058D810 /* APIRequestDecoder.swift in Sources */ = {isa = PBXBuildFile; fileRef = 8A2C207628F8F51F0058D810 /* APIRequestDecoder.swift */; };
		8A2C207A28F8F5600058D810 /* NetworkRequest.swift in Sources */ = {isa = PBXBuildFile; fileRef = 8A2C207928F8F5600058D810 /* NetworkRequest.swift */; };
		8A2C207C28F8F89C0058D810 /* APIManager.swift in Sources */ = {isa = PBXBuildFile; fileRef = 8A2C207B28F8F89C0058D810 /* APIManager.swift */; };
		8A2C207F28F909FD0058D810 /* UnsplashPhoto.swift in Sources */ = {isa = PBXBuildFile; fileRef = 8A2C207E28F909FD0058D810 /* UnsplashPhoto.swift */; };
		8A2C208128F90A5B0058D810 /* UnspashUser.swift in Sources */ = {isa = PBXBuildFile; fileRef = 8A2C208028F90A5B0058D810 /* UnspashUser.swift */; };
		8A2C208428F90C910058D810 /* PhotosViewModel.swift in Sources */ = {isa = PBXBuildFile; fileRef = 8A2C208328F90C910058D810 /* PhotosViewModel.swift */; };
		8A2C208628F9180F0058D810 /* UnsplashQueryResult.swift in Sources */ = {isa = PBXBuildFile; fileRef = 8A2C208528F9180F0058D810 /* UnsplashQueryResult.swift */; };
		8A2C208828F91A450058D810 /* APIConfiguration.swift in Sources */ = {isa = PBXBuildFile; fileRef = 8A2C208728F91A450058D810 /* APIConfiguration.swift */; };
		8A2C208B28F92B110058D810 /* SDWebImageSwiftUI in Frameworks */ = {isa = PBXBuildFile; productRef = 8A2C208A28F92B110058D810 /* SDWebImageSwiftUI */; };
		8A2C208E28F938970058D810 /* WaterfallGrid in Frameworks */ = {isa = PBXBuildFile; productRef = 8A2C208D28F938970058D810 /* WaterfallGrid */; };
		8AAAC8A229068B82004D3A38 /* DetailedView.swift in Sources */ = {isa = PBXBuildFile; fileRef = 8AAAC8A129068B82004D3A38 /* DetailedView.swift */; };
		8AB5ED502904E902001556DA /* Utility.swift in Sources */ = {isa = PBXBuildFile; fileRef = 8AB5ED4F2904E902001556DA /* Utility.swift */; };
		8AC8A9AE2903A04800A5C95B /* PhotoInfoViewModel.swift in Sources */ = {isa = PBXBuildFile; fileRef = 8AC8A9AD2903A04800A5C95B /* PhotoInfoViewModel.swift */; };
		8AC8A9B02903CE7500A5C95B /* CustomTabView.swift in Sources */ = {isa = PBXBuildFile; fileRef = 8AC8A9AF2903CE7500A5C95B /* CustomTabView.swift */; };
/* End PBXBuildFile section */

/* Begin PBXFileReference section */
		880F42962907D7E7004CCE3F /* CollectionView.swift */ = {isa = PBXFileReference; lastKnownFileType = sourcecode.swift; path = CollectionView.swift; sourceTree = "<group>"; };
		880F42982907E503004CCE3F /* CollectionViewModel.swift */ = {isa = PBXFileReference; lastKnownFileType = sourcecode.swift; path = CollectionViewModel.swift; sourceTree = "<group>"; };
		88C5899E2908BD8F00226FF5 /* CoreDataModel.xcdatamodel */ = {isa = PBXFileReference; lastKnownFileType = wrapper.xcdatamodel; path = CoreDataModel.xcdatamodel; sourceTree = "<group>"; };
		88C589A02908BF0400226FF5 /* CoreDataController.swift */ = {isa = PBXFileReference; lastKnownFileType = sourcecode.swift; path = CoreDataController.swift; sourceTree = "<group>"; };
		8A2C206528F8F34B0058D810 /* TestApp.app */ = {isa = PBXFileReference; explicitFileType = wrapper.application; includeInIndex = 0; path = TestApp.app; sourceTree = BUILT_PRODUCTS_DIR; };
		8A2C206828F8F34B0058D810 /* TestAppApp.swift */ = {isa = PBXFileReference; lastKnownFileType = sourcecode.swift; path = TestAppApp.swift; sourceTree = "<group>"; };
		8A2C206A28F8F34B0058D810 /* HomeView.swift */ = {isa = PBXFileReference; lastKnownFileType = sourcecode.swift; path = HomeView.swift; sourceTree = "<group>"; };
		8A2C206C28F8F34C0058D810 /* Assets.xcassets */ = {isa = PBXFileReference; lastKnownFileType = folder.assetcatalog; path = Assets.xcassets; sourceTree = "<group>"; };
		8A2C206F28F8F34C0058D810 /* Preview Assets.xcassets */ = {isa = PBXFileReference; lastKnownFileType = folder.assetcatalog; path = "Preview Assets.xcassets"; sourceTree = "<group>"; };
		8A2C207628F8F51F0058D810 /* APIRequestDecoder.swift */ = {isa = PBXFileReference; lastKnownFileType = sourcecode.swift; path = APIRequestDecoder.swift; sourceTree = "<group>"; };
		8A2C207928F8F5600058D810 /* NetworkRequest.swift */ = {isa = PBXFileReference; lastKnownFileType = sourcecode.swift; path = NetworkRequest.swift; sourceTree = "<group>"; };
		8A2C207B28F8F89C0058D810 /* APIManager.swift */ = {isa = PBXFileReference; lastKnownFileType = sourcecode.swift; path = APIManager.swift; sourceTree = "<group>"; };
		8A2C207E28F909FD0058D810 /* UnsplashPhoto.swift */ = {isa = PBXFileReference; lastKnownFileType = sourcecode.swift; path = UnsplashPhoto.swift; sourceTree = "<group>"; };
		8A2C208028F90A5B0058D810 /* UnspashUser.swift */ = {isa = PBXFileReference; lastKnownFileType = sourcecode.swift; path = UnspashUser.swift; sourceTree = "<group>"; };
		8A2C208328F90C910058D810 /* PhotosViewModel.swift */ = {isa = PBXFileReference; lastKnownFileType = sourcecode.swift; path = PhotosViewModel.swift; sourceTree = "<group>"; };
		8A2C208528F9180F0058D810 /* UnsplashQueryResult.swift */ = {isa = PBXFileReference; lastKnownFileType = sourcecode.swift; path = UnsplashQueryResult.swift; sourceTree = "<group>"; };
		8A2C208728F91A450058D810 /* APIConfiguration.swift */ = {isa = PBXFileReference; lastKnownFileType = sourcecode.swift; path = APIConfiguration.swift; sourceTree = "<group>"; };
		8AAAC8A129068B82004D3A38 /* DetailedView.swift */ = {isa = PBXFileReference; lastKnownFileType = sourcecode.swift; path = DetailedView.swift; sourceTree = "<group>"; };
		8AB5ED4F2904E902001556DA /* Utility.swift */ = {isa = PBXFileReference; lastKnownFileType = sourcecode.swift; path = Utility.swift; sourceTree = "<group>"; };
		8AC8A9AD2903A04800A5C95B /* PhotoInfoViewModel.swift */ = {isa = PBXFileReference; lastKnownFileType = sourcecode.swift; path = PhotoInfoViewModel.swift; sourceTree = "<group>"; };
		8AC8A9AF2903CE7500A5C95B /* CustomTabView.swift */ = {isa = PBXFileReference; lastKnownFileType = sourcecode.swift; path = CustomTabView.swift; sourceTree = "<group>"; };
/* End PBXFileReference section */

/* Begin PBXFrameworksBuildPhase section */
		8A2C206228F8F34B0058D810 /* Frameworks */ = {
			isa = PBXFrameworksBuildPhase;
			buildActionMask = 2147483647;
			files = (
				8A2C208B28F92B110058D810 /* SDWebImageSwiftUI in Frameworks */,
				8A2C208E28F938970058D810 /* WaterfallGrid in Frameworks */,
			);
			runOnlyForDeploymentPostprocessing = 0;
		};
/* End PBXFrameworksBuildPhase section */

/* Begin PBXGroup section */
		8A2C205C28F8F34B0058D810 = {
			isa = PBXGroup;
			children = (
				8A2C206728F8F34B0058D810 /* TestApp */,
				8A2C206628F8F34B0058D810 /* Products */,
			);
			sourceTree = "<group>";
		};
		8A2C206628F8F34B0058D810 /* Products */ = {
			isa = PBXGroup;
			children = (
				8A2C206528F8F34B0058D810 /* TestApp.app */,
			);
			name = Products;
			sourceTree = "<group>";
		};
		8A2C206728F8F34B0058D810 /* TestApp */ = {
			isa = PBXGroup;
			children = (
				8A2EEBEC29023F0E0013161A /* View */,
				8A2C208228F90C6F0058D810 /* ViewModel */,
				8A2C207D28F909DD0058D810 /* Models */,
				8A2C207828F8F5270058D810 /* APIManager */,
				8AB5ED4E2904E8EE001556DA /* Utility */,
				8A2C206C28F8F34C0058D810 /* Assets.xcassets */,
				8A2C206E28F8F34C0058D810 /* Preview Content */,
			);
			path = TestApp;
			sourceTree = "<group>";
		};
		8A2C206E28F8F34C0058D810 /* Preview Content */ = {
			isa = PBXGroup;
			children = (
				8A2C206F28F8F34C0058D810 /* Preview Assets.xcassets */,
			);
			path = "Preview Content";
			sourceTree = "<group>";
		};
		8A2C207828F8F5270058D810 /* APIManager */ = {
			isa = PBXGroup;
			children = (
				8A2C207928F8F5600058D810 /* NetworkRequest.swift */,
				8A2C207B28F8F89C0058D810 /* APIManager.swift */,
				8A2C208728F91A450058D810 /* APIConfiguration.swift */,
				8A2C207628F8F51F0058D810 /* APIRequestDecoder.swift */,
			);
			path = APIManager;
			sourceTree = "<group>";
		};
		8A2C207D28F909DD0058D810 /* Models */ = {
			isa = PBXGroup;
			children = (
				8A2C208528F9180F0058D810 /* UnsplashQueryResult.swift */,
				8A2C207E28F909FD0058D810 /* UnsplashPhoto.swift */,
				8A2C208028F90A5B0058D810 /* UnspashUser.swift */,
				88C5899D2908BD8F00226FF5 /* PhotoCollection.xcdatamodeld */,
			);
			path = Models;
			sourceTree = "<group>";
		};
		8A2C208228F90C6F0058D810 /* ViewModel */ = {
			isa = PBXGroup;
			children = (
				8A2C208328F90C910058D810 /* PhotosViewModel.swift */,
				8AC8A9AD2903A04800A5C95B /* PhotoInfoViewModel.swift */,
				880F42982907E503004CCE3F /* CollectionViewModel.swift */,
				88C589A02908BF0400226FF5 /* CoreDataController.swift */,
			);
			path = ViewModel;
			sourceTree = "<group>";
		};
		8A2EEBEC29023F0E0013161A /* View */ = {
			isa = PBXGroup;
			children = (
				8A2C206828F8F34B0058D810 /* TestAppApp.swift */,
				8A2C206A28F8F34B0058D810 /* HomeView.swift */,
				880F42962907D7E7004CCE3F /* CollectionView.swift */,
				8AAAC8A129068B82004D3A38 /* DetailedView.swift */,
				8AC8A9AF2903CE7500A5C95B /* CustomTabView.swift */,
			);
			path = View;
			sourceTree = "<group>";
		};
		8AB5ED4E2904E8EE001556DA /* Utility */ = {
			isa = PBXGroup;
			children = (
				8AB5ED4F2904E902001556DA /* Utility.swift */,
			);
			path = Utility;
			sourceTree = "<group>";
		};
/* End PBXGroup section */

/* Begin PBXNativeTarget section */
		8A2C206428F8F34B0058D810 /* TestApp */ = {
			isa = PBXNativeTarget;
			buildConfigurationList = 8A2C207328F8F34C0058D810 /* Build configuration list for PBXNativeTarget "TestApp" */;
			buildPhases = (
				8A2C206128F8F34B0058D810 /* Sources */,
				8A2C206228F8F34B0058D810 /* Frameworks */,
				8A2C206328F8F34B0058D810 /* Resources */,
			);
			buildRules = (
			);
			dependencies = (
			);
			name = TestApp;
			packageProductDependencies = (
				8A2C208A28F92B110058D810 /* SDWebImageSwiftUI */,
				8A2C208D28F938970058D810 /* WaterfallGrid */,
			);
			productName = TestApp;
			productReference = 8A2C206528F8F34B0058D810 /* TestApp.app */;
			productType = "com.apple.product-type.application";
		};
/* End PBXNativeTarget section */

/* Begin PBXProject section */
		8A2C205D28F8F34B0058D810 /* Project object */ = {
			isa = PBXProject;
			attributes = {
				BuildIndependentTargetsInParallel = 1;
				LastSwiftUpdateCheck = 1340;
				LastUpgradeCheck = 1340;
				TargetAttributes = {
					8A2C206428F8F34B0058D810 = {
						CreatedOnToolsVersion = 13.4.1;
					};
				};
			};
			buildConfigurationList = 8A2C206028F8F34B0058D810 /* Build configuration list for PBXProject "TestApp" */;
			compatibilityVersion = "Xcode 13.0";
			developmentRegion = en;
			hasScannedForEncodings = 0;
			knownRegions = (
				en,
				Base,
			);
			mainGroup = 8A2C205C28F8F34B0058D810;
			packageReferences = (
				8A2C208928F92B110058D810 /* XCRemoteSwiftPackageReference "SDWebImageSwiftUI" */,
				8A2C208C28F938970058D810 /* XCRemoteSwiftPackageReference "WaterfallGrid" */,
			);
			productRefGroup = 8A2C206628F8F34B0058D810 /* Products */;
			projectDirPath = "";
			projectRoot = "";
			targets = (
				8A2C206428F8F34B0058D810 /* TestApp */,
			);
		};
/* End PBXProject section */

/* Begin PBXResourcesBuildPhase section */
		8A2C206328F8F34B0058D810 /* Resources */ = {
			isa = PBXResourcesBuildPhase;
			buildActionMask = 2147483647;
			files = (
				8A2C207028F8F34C0058D810 /* Preview Assets.xcassets in Resources */,
				8A2C206D28F8F34C0058D810 /* Assets.xcassets in Resources */,
			);
			runOnlyForDeploymentPostprocessing = 0;
		};
/* End PBXResourcesBuildPhase section */

/* Begin PBXSourcesBuildPhase section */
		8A2C206128F8F34B0058D810 /* Sources */ = {
			isa = PBXSourcesBuildPhase;
			buildActionMask = 2147483647;
			files = (
				8AB5ED502904E902001556DA /* Utility.swift in Sources */,
				8A2C207728F8F51F0058D810 /* APIRequestDecoder.swift in Sources */,
				8A2C208428F90C910058D810 /* PhotosViewModel.swift in Sources */,
				8A2C208628F9180F0058D810 /* UnsplashQueryResult.swift in Sources */,
				8AC8A9B02903CE7500A5C95B /* CustomTabView.swift in Sources */,
				8A2C208128F90A5B0058D810 /* UnspashUser.swift in Sources */,
				880F42972907D7E7004CCE3F /* CollectionView.swift in Sources */,
				8A2C206B28F8F34B0058D810 /* HomeView.swift in Sources */,
				88C5899F2908BD8F00226FF5 /* PhotoCollection.xcdatamodeld in Sources */,
				8A2C207C28F8F89C0058D810 /* APIManager.swift in Sources */,
				8A2C207A28F8F5600058D810 /* NetworkRequest.swift in Sources */,
				8A2C208828F91A450058D810 /* APIConfiguration.swift in Sources */,
				8AAAC8A229068B82004D3A38 /* DetailedView.swift in Sources */,
				880F42992907E503004CCE3F /* CollectionViewModel.swift in Sources */,
				88C589A12908BF0400226FF5 /* CoreDataController.swift in Sources */,
				8A2C207F28F909FD0058D810 /* UnsplashPhoto.swift in Sources */,
				8A2C206928F8F34B0058D810 /* TestAppApp.swift in Sources */,
				8AC8A9AE2903A04800A5C95B /* PhotoInfoViewModel.swift in Sources */,
			);
			runOnlyForDeploymentPostprocessing = 0;
		};
/* End PBXSourcesBuildPhase section */

/* Begin XCBuildConfiguration section */
		8A2C207128F8F34C0058D810 /* Debug */ = {
			isa = XCBuildConfiguration;
			buildSettings = {
				ALWAYS_SEARCH_USER_PATHS = NO;
				CLANG_ANALYZER_NONNULL = YES;
				CLANG_ANALYZER_NUMBER_OBJECT_CONVERSION = YES_AGGRESSIVE;
				CLANG_CXX_LANGUAGE_STANDARD = "gnu++17";
				CLANG_ENABLE_MODULES = YES;
				CLANG_ENABLE_OBJC_ARC = YES;
				CLANG_ENABLE_OBJC_WEAK = YES;
				CLANG_WARN_BLOCK_CAPTURE_AUTORELEASING = YES;
				CLANG_WARN_BOOL_CONVERSION = YES;
				CLANG_WARN_COMMA = YES;
				CLANG_WARN_CONSTANT_CONVERSION = YES;
				CLANG_WARN_DEPRECATED_OBJC_IMPLEMENTATIONS = YES;
				CLANG_WARN_DIRECT_OBJC_ISA_USAGE = YES_ERROR;
				CLANG_WARN_DOCUMENTATION_COMMENTS = YES;
				CLANG_WARN_EMPTY_BODY = YES;
				CLANG_WARN_ENUM_CONVERSION = YES;
				CLANG_WARN_INFINITE_RECURSION = YES;
				CLANG_WARN_INT_CONVERSION = YES;
				CLANG_WARN_NON_LITERAL_NULL_CONVERSION = YES;
				CLANG_WARN_OBJC_IMPLICIT_RETAIN_SELF = YES;
				CLANG_WARN_OBJC_LITERAL_CONVERSION = YES;
				CLANG_WARN_OBJC_ROOT_CLASS = YES_ERROR;
				CLANG_WARN_QUOTED_INCLUDE_IN_FRAMEWORK_HEADER = YES;
				CLANG_WARN_RANGE_LOOP_ANALYSIS = YES;
				CLANG_WARN_STRICT_PROTOTYPES = YES;
				CLANG_WARN_SUSPICIOUS_MOVE = YES;
				CLANG_WARN_UNGUARDED_AVAILABILITY = YES_AGGRESSIVE;
				CLANG_WARN_UNREACHABLE_CODE = YES;
				CLANG_WARN__DUPLICATE_METHOD_MATCH = YES;
				COPY_PHASE_STRIP = NO;
				DEBUG_INFORMATION_FORMAT = dwarf;
				ENABLE_STRICT_OBJC_MSGSEND = YES;
				ENABLE_TESTABILITY = YES;
				GCC_C_LANGUAGE_STANDARD = gnu11;
				GCC_DYNAMIC_NO_PIC = NO;
				GCC_NO_COMMON_BLOCKS = YES;
				GCC_OPTIMIZATION_LEVEL = 0;
				GCC_PREPROCESSOR_DEFINITIONS = (
					"DEBUG=1",
					"$(inherited)",
				);
				GCC_WARN_64_TO_32_BIT_CONVERSION = YES;
				GCC_WARN_ABOUT_RETURN_TYPE = YES_ERROR;
				GCC_WARN_UNDECLARED_SELECTOR = YES;
				GCC_WARN_UNINITIALIZED_AUTOS = YES_AGGRESSIVE;
				GCC_WARN_UNUSED_FUNCTION = YES;
				GCC_WARN_UNUSED_VARIABLE = YES;
				IPHONEOS_DEPLOYMENT_TARGET = 15.5;
				MTL_ENABLE_DEBUG_INFO = INCLUDE_SOURCE;
				MTL_FAST_MATH = YES;
				ONLY_ACTIVE_ARCH = YES;
				SDKROOT = iphoneos;
				SWIFT_ACTIVE_COMPILATION_CONDITIONS = DEBUG;
				SWIFT_OPTIMIZATION_LEVEL = "-Onone";
			};
			name = Debug;
		};
		8A2C207228F8F34C0058D810 /* Release */ = {
			isa = XCBuildConfiguration;
			buildSettings = {
				ALWAYS_SEARCH_USER_PATHS = NO;
				CLANG_ANALYZER_NONNULL = YES;
				CLANG_ANALYZER_NUMBER_OBJECT_CONVERSION = YES_AGGRESSIVE;
				CLANG_CXX_LANGUAGE_STANDARD = "gnu++17";
				CLANG_ENABLE_MODULES = YES;
				CLANG_ENABLE_OBJC_ARC = YES;
				CLANG_ENABLE_OBJC_WEAK = YES;
				CLANG_WARN_BLOCK_CAPTURE_AUTORELEASING = YES;
				CLANG_WARN_BOOL_CONVERSION = YES;
				CLANG_WARN_COMMA = YES;
				CLANG_WARN_CONSTANT_CONVERSION = YES;
				CLANG_WARN_DEPRECATED_OBJC_IMPLEMENTATIONS = YES;
				CLANG_WARN_DIRECT_OBJC_ISA_USAGE = YES_ERROR;
				CLANG_WARN_DOCUMENTATION_COMMENTS = YES;
				CLANG_WARN_EMPTY_BODY = YES;
				CLANG_WARN_ENUM_CONVERSION = YES;
				CLANG_WARN_INFINITE_RECURSION = YES;
				CLANG_WARN_INT_CONVERSION = YES;
				CLANG_WARN_NON_LITERAL_NULL_CONVERSION = YES;
				CLANG_WARN_OBJC_IMPLICIT_RETAIN_SELF = YES;
				CLANG_WARN_OBJC_LITERAL_CONVERSION = YES;
				CLANG_WARN_OBJC_ROOT_CLASS = YES_ERROR;
				CLANG_WARN_QUOTED_INCLUDE_IN_FRAMEWORK_HEADER = YES;
				CLANG_WARN_RANGE_LOOP_ANALYSIS = YES;
				CLANG_WARN_STRICT_PROTOTYPES = YES;
				CLANG_WARN_SUSPICIOUS_MOVE = YES;
				CLANG_WARN_UNGUARDED_AVAILABILITY = YES_AGGRESSIVE;
				CLANG_WARN_UNREACHABLE_CODE = YES;
				CLANG_WARN__DUPLICATE_METHOD_MATCH = YES;
				COPY_PHASE_STRIP = NO;
				DEBUG_INFORMATION_FORMAT = "dwarf-with-dsym";
				ENABLE_NS_ASSERTIONS = NO;
				ENABLE_STRICT_OBJC_MSGSEND = YES;
				GCC_C_LANGUAGE_STANDARD = gnu11;
				GCC_NO_COMMON_BLOCKS = YES;
				GCC_WARN_64_TO_32_BIT_CONVERSION = YES;
				GCC_WARN_ABOUT_RETURN_TYPE = YES_ERROR;
				GCC_WARN_UNDECLARED_SELECTOR = YES;
				GCC_WARN_UNINITIALIZED_AUTOS = YES_AGGRESSIVE;
				GCC_WARN_UNUSED_FUNCTION = YES;
				GCC_WARN_UNUSED_VARIABLE = YES;
				IPHONEOS_DEPLOYMENT_TARGET = 15.5;
				MTL_ENABLE_DEBUG_INFO = NO;
				MTL_FAST_MATH = YES;
				SDKROOT = iphoneos;
				SWIFT_COMPILATION_MODE = wholemodule;
				SWIFT_OPTIMIZATION_LEVEL = "-O";
				VALIDATE_PRODUCT = YES;
			};
			name = Release;
		};
		8A2C207428F8F34C0058D810 /* Debug */ = {
			isa = XCBuildConfiguration;
			buildSettings = {
				ASSETCATALOG_COMPILER_APPICON_NAME = AppIcon;
				ASSETCATALOG_COMPILER_GLOBAL_ACCENT_COLOR_NAME = AccentColor;
				CODE_SIGN_STYLE = Automatic;
				CURRENT_PROJECT_VERSION = 1;
				DEVELOPMENT_ASSET_PATHS = "\"TestApp/Preview Content\"";
				DEVELOPMENT_TEAM = 95Q7BF5S85;
				ENABLE_PREVIEWS = YES;
				GENERATE_INFOPLIST_FILE = YES;
				INFOPLIST_KEY_UIApplicationSceneManifest_Generation = YES;
				INFOPLIST_KEY_UIApplicationSupportsIndirectInputEvents = YES;
				INFOPLIST_KEY_UILaunchScreen_Generation = YES;
				INFOPLIST_KEY_UISupportedInterfaceOrientations_iPad = "UIInterfaceOrientationPortrait UIInterfaceOrientationPortraitUpsideDown UIInterfaceOrientationLandscapeLeft UIInterfaceOrientationLandscapeRight";
				INFOPLIST_KEY_UISupportedInterfaceOrientations_iPhone = "UIInterfaceOrientationPortrait UIInterfaceOrientationLandscapeLeft UIInterfaceOrientationLandscapeRight";
				IPHONEOS_DEPLOYMENT_TARGET = 15.2;
				LD_RUNPATH_SEARCH_PATHS = (
					"$(inherited)",
					"@executable_path/Frameworks",
				);
				MARKETING_VERSION = 1.0;
				PRODUCT_BUNDLE_IDENTIFIER = opexcode.TestApp;
				PRODUCT_NAME = "$(TARGET_NAME)";
				SWIFT_EMIT_LOC_STRINGS = YES;
				SWIFT_VERSION = 5.0;
				TARGETED_DEVICE_FAMILY = 1;
			};
			name = Debug;
		};
		8A2C207528F8F34C0058D810 /* Release */ = {
			isa = XCBuildConfiguration;
			buildSettings = {
				ASSETCATALOG_COMPILER_APPICON_NAME = AppIcon;
				ASSETCATALOG_COMPILER_GLOBAL_ACCENT_COLOR_NAME = AccentColor;
				CODE_SIGN_STYLE = Automatic;
				CURRENT_PROJECT_VERSION = 1;
				DEVELOPMENT_ASSET_PATHS = "\"TestApp/Preview Content\"";
				DEVELOPMENT_TEAM = 95Q7BF5S85;
				ENABLE_PREVIEWS = YES;
				GENERATE_INFOPLIST_FILE = YES;
				INFOPLIST_KEY_UIApplicationSceneManifest_Generation = YES;
				INFOPLIST_KEY_UIApplicationSupportsIndirectInputEvents = YES;
				INFOPLIST_KEY_UILaunchScreen_Generation = YES;
				INFOPLIST_KEY_UISupportedInterfaceOrientations_iPad = "UIInterfaceOrientationPortrait UIInterfaceOrientationPortraitUpsideDown UIInterfaceOrientationLandscapeLeft UIInterfaceOrientationLandscapeRight";
				INFOPLIST_KEY_UISupportedInterfaceOrientations_iPhone = "UIInterfaceOrientationPortrait UIInterfaceOrientationLandscapeLeft UIInterfaceOrientationLandscapeRight";
				IPHONEOS_DEPLOYMENT_TARGET = 15.2;
				LD_RUNPATH_SEARCH_PATHS = (
					"$(inherited)",
					"@executable_path/Frameworks",
				);
				MARKETING_VERSION = 1.0;
				PRODUCT_BUNDLE_IDENTIFIER = opexcode.TestApp;
				PRODUCT_NAME = "$(TARGET_NAME)";
				SWIFT_EMIT_LOC_STRINGS = YES;
				SWIFT_VERSION = 5.0;
				TARGETED_DEVICE_FAMILY = 1;
			};
			name = Release;
		};
/* End XCBuildConfiguration section */

/* Begin XCConfigurationList section */
		8A2C206028F8F34B0058D810 /* Build configuration list for PBXProject "TestApp" */ = {
			isa = XCConfigurationList;
			buildConfigurations = (
				8A2C207128F8F34C0058D810 /* Debug */,
				8A2C207228F8F34C0058D810 /* Release */,
			);
			defaultConfigurationIsVisible = 0;
			defaultConfigurationName = Release;
		};
		8A2C207328F8F34C0058D810 /* Build configuration list for PBXNativeTarget "TestApp" */ = {
			isa = XCConfigurationList;
			buildConfigurations = (
				8A2C207428F8F34C0058D810 /* Debug */,
				8A2C207528F8F34C0058D810 /* Release */,
			);
			defaultConfigurationIsVisible = 0;
			defaultConfigurationName = Release;
		};
/* End XCConfigurationList section */

/* Begin XCRemoteSwiftPackageReference section */
		8A2C208928F92B110058D810 /* XCRemoteSwiftPackageReference "SDWebImageSwiftUI" */ = {
			isa = XCRemoteSwiftPackageReference;
			repositoryURL = "https://github.com/SDWebImage/SDWebImageSwiftUI";
			requirement = {
				branch = master;
				kind = branch;
			};
		};
		8A2C208C28F938970058D810 /* XCRemoteSwiftPackageReference "WaterfallGrid" */ = {
			isa = XCRemoteSwiftPackageReference;
			repositoryURL = "https://github.com/paololeonardi/WaterfallGrid";
			requirement = {
				kind = upToNextMajorVersion;
				minimumVersion = 1.0.0;
			};
		};
/* End XCRemoteSwiftPackageReference section */

/* Begin XCSwiftPackageProductDependency section */
		8A2C208A28F92B110058D810 /* SDWebImageSwiftUI */ = {
			isa = XCSwiftPackageProductDependency;
			package = 8A2C208928F92B110058D810 /* XCRemoteSwiftPackageReference "SDWebImageSwiftUI" */;
			productName = SDWebImageSwiftUI;
		};
		8A2C208D28F938970058D810 /* WaterfallGrid */ = {
			isa = XCSwiftPackageProductDependency;
			package = 8A2C208C28F938970058D810 /* XCRemoteSwiftPackageReference "WaterfallGrid" */;
			productName = WaterfallGrid;
		};
/* End XCSwiftPackageProductDependency section */

/* Begin XCVersionGroup section */
		88C5899D2908BD8F00226FF5 /* PhotoCollection.xcdatamodeld */ = {
			isa = XCVersionGroup;
			children = (
				88C5899E2908BD8F00226FF5 /* CoreDataModel.xcdatamodel */,
			);
			currentVersion = 88C5899E2908BD8F00226FF5 /* CoreDataModel.xcdatamodel */;
			path = PhotoCollection.xcdatamodeld;
			sourceTree = "<group>";
			versionGroupType = wrapper.xcdatamodel;
		};
/* End XCVersionGroup section */
	};
	rootObject = 8A2C205D28F8F34B0058D810 /* Project object */;
}
